
Microsoft Visual Studio Solution File, Format Version 12.00
# Visual Studio Version 16
VisualStudioVersion = 16.0.30611.23
MinimumVisualStudioVersion = 10.0.40219.1
Project("{FAE04EC0-301F-11D3-BF4B-00C04F79EFBC}") = "TestApp.Android", "TestApp\TestApp.Android\TestApp.Android.csproj", "{69877BD1-4A81-4C97-ACCF-21AD7EF99DAC}"
EndProject
Project("{FAE04EC0-301F-11D3-BF4B-00C04F79EFBC}") = "TestApp.iOS", "TestApp\TestApp.iOS\TestApp.iOS.csproj", "{84D8FD4F-D689-45E3-BC97-29B4CBDA7702}"
EndProject
Project("{FAE04EC0-301F-11D3-BF4B-00C04F79EFBC}") = "TestApp", "TestApp\TestApp\TestApp.csproj", "{D9EC218A-3B12-41CE-ACC6-D48AA93AC2D3}"
EndProject
Global
	GlobalSection(SolutionConfigurationPlatforms) = preSolution
		Debug|Any CPU = Debug|Any CPU
		Debug|iPhone = Debug|iPhone
		Debug|iPhoneSimulator = Debug|iPhoneSimulator
		Release|Any CPU = Release|Any CPU
		Release|iPhone = Release|iPhone
		Release|iPhoneSimulator = Release|iPhoneSimulator
	EndGlobalSection
	GlobalSection(ProjectConfigurationPlatforms) = postSolution
		{69877BD1-4A81-4C97-ACCF-21AD7EF99DAC}.Debug|Any CPU.ActiveCfg = Debug|Any CPU
		{69877BD1-4A81-4C97-ACCF-21AD7EF99DAC}.Debug|Any CPU.Build.0 = Debug|Any CPU
		{69877BD1-4A81-4C97-ACCF-21AD7EF99DAC}.Debug|Any CPU.Deploy.0 = Debug|Any CPU
		{69877BD1-4A81-4C97-ACCF-21AD7EF99DAC}.Debug|iPhone.ActiveCfg = Debug|Any CPU
		{69877BD1-4A81-4C97-ACCF-21AD7EF99DAC}.Debug|iPhone.Build.0 = Debug|Any CPU
		{69877BD1-4A81-4C97-ACCF-21AD7EF99DAC}.Debug|iPhone.Deploy.0 = Debug|Any CPU
		{69877BD1-4A81-4C97-ACCF-21AD7EF99DAC}.Debug|iPhoneSimulator.ActiveCfg = Debug|Any CPU
		{69877BD1-4A81-4C97-ACCF-21AD7EF99DAC}.Debug|iPhoneSimulator.Build.0 = Debug|Any CPU
		{69877BD1-4A81-4C97-ACCF-21AD7EF99DAC}.Debug|iPhoneSimulator.Deploy.0 = Debug|Any CPU
		{69877BD1-4A81-4C97-ACCF-21AD7EF99DAC}.Release|Any CPU.ActiveCfg = Release|Any CPU
		{69877BD1-4A81-4C97-ACCF-21AD7EF99DAC}.Release|Any CPU.Build.0 = Release|Any CPU
		{69877BD1-4A81-4C97-ACCF-21AD7EF99DAC}.Release|Any CPU.Deploy.0 = Release|Any CPU
		{69877BD1-4A81-4C97-ACCF-21AD7EF99DAC}.Release|iPhone.ActiveCfg = Release|Any CPU
		{69877BD1-4A81-4C97-ACCF-21AD7EF99DAC}.Release|iPhone.Build.0 = Release|Any CPU
		{69877BD1-4A81-4C97-ACCF-21AD7EF99DAC}.Release|iPhone.Deploy.0 = Release|Any CPU
		{69877BD1-4A81-4C97-ACCF-21AD7EF99DAC}.Release|iPhoneSimulator.ActiveCfg = Release|Any CPU
		{69877BD1-4A81-4C97-ACCF-21AD7EF99DAC}.Release|iPhoneSimulator.Build.0 = Release|Any CPU
		{69877BD1-4A81-4C97-ACCF-21AD7EF99DAC}.Release|iPhoneSimulator.Deploy.0 = Release|Any CPU
		{84D8FD4F-D689-45E3-BC97-29B4CBDA7702}.Debug|Any CPU.ActiveCfg = Debug|iPhone
		{84D8FD4F-D689-45E3-BC97-29B4CBDA7702}.Debug|Any CPU.Build.0 = Debug|iPhone
		{84D8FD4F-D689-45E3-BC97-29B4CBDA7702}.Debug|Any CPU.Deploy.0 = Debug|iPhone
		{84D8FD4F-D689-45E3-BC97-29B4CBDA7702}.Debug|iPhone.ActiveCfg = Debug|iPhone
		{84D8FD4F-D689-45E3-BC97-29B4CBDA7702}.Debug|iPhone.Build.0 = Debug|iPhone
		{84D8FD4F-D689-45E3-BC97-29B4CBDA7702}.Debug|iPhone.Deploy.0 = Debug|iPhone
		{84D8FD4F-D689-45E3-BC97-29B4CBDA7702}.Debug|iPhoneSimulator.ActiveCfg = Debug|iPhoneSimulator
		{84D8FD4F-D689-45E3-BC97-29B4CBDA7702}.Debug|iPhoneSimulator.Build.0 = Debug|iPhoneSimulator
		{84D8FD4F-D689-45E3-BC97-29B4CBDA7702}.Debug|iPhoneSimulator.Deploy.0 = Debug|iPhoneSimulator
		{84D8FD4F-D689-45E3-BC97-29B4CBDA7702}.Release|Any CPU.ActiveCfg = Release|iPhoneSimulator
		{84D8FD4F-D689-45E3-BC97-29B4CBDA7702}.Release|Any CPU.Build.0 = Release|iPhoneSimulator
		{84D8FD4F-D689-45E3-BC97-29B4CBDA7702}.Release|Any CPU.Deploy.0 = Release|iPhoneSimulator
		{84D8FD4F-D689-45E3-BC97-29B4CBDA7702}.Release|iPhone.ActiveCfg = Release|iPhone
		{84D8FD4F-D689-45E3-BC97-29B4CBDA7702}.Release|iPhone.Build.0 = Release|iPhone
		{84D8FD4F-D689-45E3-BC97-29B4CBDA7702}.Release|iPhone.Deploy.0 = Release|iPhone
		{84D8FD4F-D689-45E3-BC97-29B4CBDA7702}.Release|iPhoneSimulator.ActiveCfg = Release|iPhoneSimulator
		{84D8FD4F-D689-45E3-BC97-29B4CBDA7702}.Release|iPhoneSimulator.Build.0 = Release|iPhoneSimulator
		{84D8FD4F-D689-45E3-BC97-29B4CBDA7702}.Release|iPhoneSimulator.Deploy.0 = Release|iPhoneSimulator
		{D9EC218A-3B12-41CE-ACC6-D48AA93AC2D3}.Debug|Any CPU.ActiveCfg = Debug|Any CPU
		{D9EC218A-3B12-41CE-ACC6-D48AA93AC2D3}.Debug|Any CPU.Build.0 = Debug|Any CPU
		{D9EC218A-3B12-41CE-ACC6-D48AA93AC2D3}.Debug|Any CPU.Deploy.0 = Debug|Any CPU
		{D9EC218A-3B12-41CE-ACC6-D48AA93AC2D3}.Debug|iPhone.ActiveCfg = Debug|Any CPU
		{D9EC218A-3B12-41CE-ACC6-D48AA93AC2D3}.Debug|iPhone.Build.0 = Debug|Any CPU
		{D9EC218A-3B12-41CE-ACC6-D48AA93AC2D3}.Debug|iPhone.Deploy.0 = Debug|Any CPU
		{D9EC218A-3B12-41CE-ACC6-D48AA93AC2D3}.Debug|iPhoneSimulator.ActiveCfg = Debug|Any CPU
		{D9EC218A-3B12-41CE-ACC6-D48AA93AC2D3}.Debug|iPhoneSimulator.Build.0 = Debug|Any CPU
		{D9EC218A-3B12-41CE-ACC6-D48AA93AC2D3}.Debug|iPhoneSimulator.Deploy.0 = Debug|Any CPU
		{D9EC218A-3B12-41CE-ACC6-D48AA93AC2D3}.Release|Any CPU.ActiveCfg = Release|Any CPU
		{D9EC218A-3B12-41CE-ACC6-D48AA93AC2D3}.Release|Any CPU.Build.0 = Release|Any CPU
		{D9EC218A-3B12-41CE-ACC6-D48AA93AC2D3}.Release|Any CPU.Deploy.0 = Release|Any CPU
		{D9EC218A-3B12-41CE-ACC6-D48AA93AC2D3}.Release|iPhone.ActiveCfg = Release|Any CPU
		{D9EC218A-3B12-41CE-ACC6-D48AA93AC2D3}.Release|iPhone.Build.0 = Release|Any CPU
		{D9EC218A-3B12-41CE-ACC6-D48AA93AC2D3}.Release|iPhone.Deploy.0 = Release|Any CPU
		{D9EC218A-3B12-41CE-ACC6-D48AA93AC2D3}.Release|iPhoneSimulator.ActiveCfg = Release|Any CPU
		{D9EC218A-3B12-41CE-ACC6-D48AA93AC2D3}.Release|iPhoneSimulator.Build.0 = Release|Any CPU
		{D9EC218A-3B12-41CE-ACC6-D48AA93AC2D3}.Release|iPhoneSimulator.Deploy.0 = Release|Any CPU
	EndGlobalSection
	GlobalSection(SolutionProperties) = preSolution
		HideSolutionNode = FALSE
	EndGlobalSection
	GlobalSection(ExtensibilityGlobals) = postSolution
		SolutionGuid = {45FCE5E8-50C5-4BDB-8C18-B6D5B6A139BE}
	EndGlobalSection
EndGlobal
